
Microsoft Visual Studio Solution File, Format Version 12.00
# Visual Studio Version 17
VisualStudioVersion = 17.0.31903.59
MinimumVisualStudioVersion = 10.0.40219.1
Project("{2150E333-8FDC-42A3-9474-1A3956D46DE8}") = "src", "src", "{827E0CD3-B72D-47B6-A68D-7590B98EB39B}"
EndProject
Project("{FAE04EC0-301F-11D3-BF4B-00C04F79EFBC}") = "Ingestion.Domain", "src\Ingestion.Domain\Ingestion.Domain.csproj", "{35E20C94-A0A9-4CF0-B917-1961AE34C36B}"
EndProject
Project("{FAE04EC0-301F-11D3-BF4B-00C04F79EFBC}") = "Ingestion.Application", "src\Ingestion.Application\Ingestion.Application.csproj", "{1301637D-4874-45D2-8198-FF98C0DD18A7}"
EndProject
Project("{FAE04EC0-301F-11D3-BF4B-00C04F79EFBC}") = "Ingestion.Infrastructure", "src\Ingestion.Infrastructure\Ingestion.Infrastructure.csproj", "{82BA8228-AFA9-4C8C-A1A1-8A2E81C6373B}"
EndProject
Project("{FAE04EC0-301F-11D3-BF4B-00C04F79EFBC}") = "Ingestion.Worker", "src\Ingestion.Worker\Ingestion.Worker.csproj", "{AFA5B5C0-5348-4A39-81E7-D41675E8DF24}"
EndProject
Project("{2150E333-8FDC-42A3-9474-1A3956D46DE8}") = "tests", "tests", "{0AB3BF05-4346-4AA6-1389-037BE0695223}"
EndProject
Project("{FAE04EC0-301F-11D3-BF4B-00C04F79EFBC}") = "Ingestion.Domain.Tests", "tests\Ingestion.Domain.Tests\Ingestion.Domain.Tests.csproj", "{26503B70-1E98-4149-983B-06313E455DC2}"
EndProject
Project("{FAE04EC0-301F-11D3-BF4B-00C04F79EFBC}") = "Ingestion.Application.Tests", "tests\Ingestion.Application.Tests\Ingestion.Application.Tests.csproj", "{633A80B9-E2E7-4915-8561-9C276899B540}"
EndProject
Project("{FAE04EC0-301F-11D3-BF4B-00C04F79EFBC}") = "Ingestion.Infrastructure.Tests", "tests\Ingestion.Infrastructure.Tests\Ingestion.Infrastructure.Tests.csproj", "{447CD9E9-4563-43A7-BF6F-706A2722F927}"
EndProject
Global
	GlobalSection(SolutionConfigurationPlatforms) = preSolution
		Debug|Any CPU = Debug|Any CPU
		Debug|x64 = Debug|x64
		Debug|x86 = Debug|x86
		Release|Any CPU = Release|Any CPU
		Release|x64 = Release|x64
		Release|x86 = Release|x86
	EndGlobalSection
	GlobalSection(ProjectConfigurationPlatforms) = postSolution
		{35E20C94-A0A9-4CF0-B917-1961AE34C36B}.Debug|Any CPU.ActiveCfg = Debug|Any CPU
		{35E20C94-A0A9-4CF0-B917-1961AE34C36B}.Debug|Any CPU.Build.0 = Debug|Any CPU
		{35E20C94-A0A9-4CF0-B917-1961AE34C36B}.Debug|x64.ActiveCfg = Debug|Any CPU
		{35E20C94-A0A9-4CF0-B917-1961AE34C36B}.Debug|x64.Build.0 = Debug|Any CPU
		{35E20C94-A0A9-4CF0-B917-1961AE34C36B}.Debug|x86.ActiveCfg = Debug|Any CPU
		{35E20C94-A0A9-4CF0-B917-1961AE34C36B}.Debug|x86.Build.0 = Debug|Any CPU
		{35E20C94-A0A9-4CF0-B917-1961AE34C36B}.Release|Any CPU.ActiveCfg = Release|Any CPU
		{35E20C94-A0A9-4CF0-B917-1961AE34C36B}.Release|Any CPU.Build.0 = Release|Any CPU
		{35E20C94-A0A9-4CF0-B917-1961AE34C36B}.Release|x64.ActiveCfg = Release|Any CPU
		{35E20C94-A0A9-4CF0-B917-1961AE34C36B}.Release|x64.Build.0 = Release|Any CPU
		{35E20C94-A0A9-4CF0-B917-1961AE34C36B}.Release|x86.ActiveCfg = Release|Any CPU
		{35E20C94-A0A9-4CF0-B917-1961AE34C36B}.Release|x86.Build.0 = Release|Any CPU
		{1301637D-4874-45D2-8198-FF98C0DD18A7}.Debug|Any CPU.ActiveCfg = Debug|Any CPU
		{1301637D-4874-45D2-8198-FF98C0DD18A7}.Debug|Any CPU.Build.0 = Debug|Any CPU
		{1301637D-4874-45D2-8198-FF98C0DD18A7}.Debug|x64.ActiveCfg = Debug|Any CPU
		{1301637D-4874-45D2-8198-FF98C0DD18A7}.Debug|x64.Build.0 = Debug|Any CPU
		{1301637D-4874-45D2-8198-FF98C0DD18A7}.Debug|x86.ActiveCfg = Debug|Any CPU
		{1301637D-4874-45D2-8198-FF98C0DD18A7}.Debug|x86.Build.0 = Debug|Any CPU
		{1301637D-4874-45D2-8198-FF98C0DD18A7}.Release|Any CPU.ActiveCfg = Release|Any CPU
		{1301637D-4874-45D2-8198-FF98C0DD18A7}.Release|Any CPU.Build.0 = Release|Any CPU
		{1301637D-4874-45D2-8198-FF98C0DD18A7}.Release|x64.ActiveCfg = Release|Any CPU
		{1301637D-4874-45D2-8198-FF98C0DD18A7}.Release|x64.Build.0 = Release|Any CPU
		{1301637D-4874-45D2-8198-FF98C0DD18A7}.Release|x86.ActiveCfg = Release|Any CPU
		{1301637D-4874-45D2-8198-FF98C0DD18A7}.Release|x86.Build.0 = Release|Any CPU
		{82BA8228-AFA9-4C8C-A1A1-8A2E81C6373B}.Debug|Any CPU.ActiveCfg = Debug|Any CPU
		{82BA8228-AFA9-4C8C-A1A1-8A2E81C6373B}.Debug|Any CPU.Build.0 = Debug|Any CPU
		{82BA8228-AFA9-4C8C-A1A1-8A2E81C6373B}.Debug|x64.ActiveCfg = Debug|Any CPU
		{82BA8228-AFA9-4C8C-A1A1-8A2E81C6373B}.Debug|x64.Build.0 = Debug|Any CPU
		{82BA8228-AFA9-4C8C-A1A1-8A2E81C6373B}.Debug|x86.ActiveCfg = Debug|Any CPU
		{82BA8228-AFA9-4C8C-A1A1-8A2E81C6373B}.Debug|x86.Build.0 = Debug|Any CPU
		{82BA8228-AFA9-4C8C-A1A1-8A2E81C6373B}.Release|Any CPU.ActiveCfg = Release|Any CPU
		{82BA8228-AFA9-4C8C-A1A1-8A2E81C6373B}.Release|Any CPU.Build.0 = Release|Any CPU
		{82BA8228-AFA9-4C8C-A1A1-8A2E81C6373B}.Release|x64.ActiveCfg = Release|Any CPU
		{82BA8228-AFA9-4C8C-A1A1-8A2E81C6373B}.Release|x64.Build.0 = Release|Any CPU
		{82BA8228-AFA9-4C8C-A1A1-8A2E81C6373B}.Release|x86.ActiveCfg = Release|Any CPU
		{82BA8228-AFA9-4C8C-A1A1-8A2E81C6373B}.Release|x86.Build.0 = Release|Any CPU
		{AFA5B5C0-5348-4A39-81E7-D41675E8DF24}.Debug|Any CPU.ActiveCfg = Debug|Any CPU
		{AFA5B5C0-5348-4A39-81E7-D41675E8DF24}.Debug|Any CPU.Build.0 = Debug|Any CPU
		{AFA5B5C0-5348-4A39-81E7-D41675E8DF24}.Debug|x64.ActiveCfg = Debug|Any CPU
		{AFA5B5C0-5348-4A39-81E7-D41675E8DF24}.Debug|x64.Build.0 = Debug|Any CPU
		{AFA5B5C0-5348-4A39-81E7-D41675E8DF24}.Debug|x86.ActiveCfg = Debug|Any CPU
		{AFA5B5C0-5348-4A39-81E7-D41675E8DF24}.Debug|x86.Build.0 = Debug|Any CPU
		{AFA5B5C0-5348-4A39-81E7-D41675E8DF24}.Release|Any CPU.ActiveCfg = Release|Any CPU
		{AFA5B5C0-5348-4A39-81E7-D41675E8DF24}.Release|Any CPU.Build.0 = Release|Any CPU
		{AFA5B5C0-5348-4A39-81E7-D41675E8DF24}.Release|x64.ActiveCfg = Release|Any CPU
		{AFA5B5C0-5348-4A39-81E7-D41675E8DF24}.Release|x64.Build.0 = Release|Any CPU
		{AFA5B5C0-5348-4A39-81E7-D41675E8DF24}.Release|x86.ActiveCfg = Release|Any CPU
		{AFA5B5C0-5348-4A39-81E7-D41675E8DF24}.Release|x86.Build.0 = Release|Any CPU
		{26503B70-1E98-4149-983B-06313E455DC2}.Debug|Any CPU.ActiveCfg = Debug|Any CPU
		{26503B70-1E98-4149-983B-06313E455DC2}.Debug|Any CPU.Build.0 = Debug|Any CPU
		{26503B70-1E98-4149-983B-06313E455DC2}.Debug|x64.ActiveCfg = Debug|Any CPU
		{26503B70-1E98-4149-983B-06313E455DC2}.Debug|x64.Build.0 = Debug|Any CPU
		{26503B70-1E98-4149-983B-06313E455DC2}.Debug|x86.ActiveCfg = Debug|Any CPU
		{26503B70-1E98-4149-983B-06313E455DC2}.Debug|x86.Build.0 = Debug|Any CPU
		{26503B70-1E98-4149-983B-06313E455DC2}.Release|Any CPU.ActiveCfg = Release|Any CPU
		{26503B70-1E98-4149-983B-06313E455DC2}.Release|Any CPU.Build.0 = Release|Any CPU
		{26503B70-1E98-4149-983B-06313E455DC2}.Release|x64.ActiveCfg = Release|Any CPU
		{26503B70-1E98-4149-983B-06313E455DC2}.Release|x64.Build.0 = Release|Any CPU
		{26503B70-1E98-4149-983B-06313E455DC2}.Release|x86.ActiveCfg = Release|Any CPU
		{26503B70-1E98-4149-983B-06313E455DC2}.Release|x86.Build.0 = Release|Any CPU
		{633A80B9-E2E7-4915-8561-9C276899B540}.Debug|Any CPU.ActiveCfg = Debug|Any CPU
		{633A80B9-E2E7-4915-8561-9C276899B540}.Debug|Any CPU.Build.0 = Debug|Any CPU
		{633A80B9-E2E7-4915-8561-9C276899B540}.Debug|x64.ActiveCfg = Debug|Any CPU
		{633A80B9-E2E7-4915-8561-9C276899B540}.Debug|x64.Build.0 = Debug|Any CPU
		{633A80B9-E2E7-4915-8561-9C276899B540}.Debug|x86.ActiveCfg = Debug|Any CPU
		{633A80B9-E2E7-4915-8561-9C276899B540}.Debug|x86.Build.0 = Debug|Any CPU
		{633A80B9-E2E7-4915-8561-9C276899B540}.Release|Any CPU.ActiveCfg = Release|Any CPU
		{633A80B9-E2E7-4915-8561-9C276899B540}.Release|Any CPU.Build.0 = Release|Any CPU
		{633A80B9-E2E7-4915-8561-9C276899B540}.Release|x64.ActiveCfg = Release|Any CPU
		{633A80B9-E2E7-4915-8561-9C276899B540}.Release|x64.Build.0 = Release|Any CPU
		{633A80B9-E2E7-4915-8561-9C276899B540}.Release|x86.ActiveCfg = Release|Any CPU
		{633A80B9-E2E7-4915-8561-9C276899B540}.Release|x86.Build.0 = Release|Any CPU
		{447CD9E9-4563-43A7-BF6F-706A2722F927}.Debug|Any CPU.ActiveCfg = Debug|Any CPU
		{447CD9E9-4563-43A7-BF6F-706A2722F927}.Debug|Any CPU.Build.0 = Debug|Any CPU
		{447CD9E9-4563-43A7-BF6F-706A2722F927}.Debug|x64.ActiveCfg = Debug|Any CPU
		{447CD9E9-4563-43A7-BF6F-706A2722F927}.Debug|x64.Build.0 = Debug|Any CPU
		{447CD9E9-4563-43A7-BF6F-706A2722F927}.Debug|x86.ActiveCfg = Debug|Any CPU
		{447CD9E9-4563-43A7-BF6F-706A2722F927}.Debug|x86.Build.0 = Debug|Any CPU
		{447CD9E9-4563-43A7-BF6F-706A2722F927}.Release|Any CPU.ActiveCfg = Release|Any CPU
		{447CD9E9-4563-43A7-BF6F-706A2722F927}.Release|Any CPU.Build.0 = Release|Any CPU
		{447CD9E9-4563-43A7-BF6F-706A2722F927}.Release|x64.ActiveCfg = Release|Any CPU
		{447CD9E9-4563-43A7-BF6F-706A2722F927}.Release|x64.Build.0 = Release|Any CPU
		{447CD9E9-4563-43A7-BF6F-706A2722F927}.Release|x86.ActiveCfg = Release|Any CPU
		{447CD9E9-4563-43A7-BF6F-706A2722F927}.Release|x86.Build.0 = Release|Any CPU
	EndGlobalSection
	GlobalSection(SolutionProperties) = preSolution
		HideSolutionNode = FALSE
	EndGlobalSection
	GlobalSection(NestedProjects) = preSolution
		{35E20C94-A0A9-4CF0-B917-1961AE34C36B} = {827E0CD3-B72D-47B6-A68D-7590B98EB39B}
		{1301637D-4874-45D2-8198-FF98C0DD18A7} = {827E0CD3-B72D-47B6-A68D-7590B98EB39B}
		{82BA8228-AFA9-4C8C-A1A1-8A2E81C6373B} = {827E0CD3-B72D-47B6-A68D-7590B98EB39B}
		{AFA5B5C0-5348-4A39-81E7-D41675E8DF24} = {827E0CD3-B72D-47B6-A68D-7590B98EB39B}
		{26503B70-1E98-4149-983B-06313E455DC2} = {0AB3BF05-4346-4AA6-1389-037BE0695223}
		{633A80B9-E2E7-4915-8561-9C276899B540} = {0AB3BF05-4346-4AA6-1389-037BE0695223}
		{447CD9E9-4563-43A7-BF6F-706A2722F927} = {0AB3BF05-4346-4AA6-1389-037BE0695223}
	EndGlobalSection
EndGlobal
